// !$*UTF8*$!
{
	archiveVersion = 1;
	classes = {
	};
	objectVersion = 46;
	objects = {

/* Begin PBXBuildFile section */
		F81E708F1AA26584003EA8FA /* AppDelegate.swift in Sources */ = {isa = PBXBuildFile; fileRef = F81E708E1AA26584003EA8FA /* AppDelegate.swift */; };
		F81E70911AA26584003EA8FA /* ViewController.swift in Sources */ = {isa = PBXBuildFile; fileRef = F81E70901AA26584003EA8FA /* ViewController.swift */; };
		F81E70941AA26584003EA8FA /* Main.storyboard in Resources */ = {isa = PBXBuildFile; fileRef = F81E70921AA26584003EA8FA /* Main.storyboard */; };
		F81E70961AA26584003EA8FA /* Images.xcassets in Resources */ = {isa = PBXBuildFile; fileRef = F81E70951AA26584003EA8FA /* Images.xcassets */; };
		F81E70991AA26584003EA8FA /* LaunchScreen.xib in Resources */ = {isa = PBXBuildFile; fileRef = F81E70971AA26584003EA8FA /* LaunchScreen.xib */; };
		F81E70A51AA26584003EA8FA /* SmashtagTests.swift in Sources */ = {isa = PBXBuildFile; fileRef = F81E70A41AA26584003EA8FA /* SmashtagTests.swift */; };
/* End PBXBuildFile section */

/* Begin PBXContainerItemProxy section */
		F81E709F1AA26584003EA8FA /* PBXContainerItemProxy */ = {
			isa = PBXContainerItemProxy;
			containerPortal = F81E70811AA26584003EA8FA /* Project object */;
			proxyType = 1;
			remoteGlobalIDString = F81E70881AA26584003EA8FA;
			remoteInfo = Smashtag;
		};
/* End PBXContainerItemProxy section */

/* Begin PBXFileReference section */
		F81E70891AA26584003EA8FA /* Smashtag.app */ = {isa = PBXFileReference; explicitFileType = wrapper.application; includeInIndex = 0; path = Smashtag.app; sourceTree = BUILT_PRODUCTS_DIR; };
		F81E708D1AA26584003EA8FA /* Info.plist */ = {isa = PBXFileReference; lastKnownFileType = text.plist.xml; path = Info.plist; sourceTree = "<group>"; };
		F81E708E1AA26584003EA8FA /* AppDelegate.swift */ = {isa = PBXFileReference; lastKnownFileType = sourcecode.swift; path = AppDelegate.swift; sourceTree = "<group>"; };
		F81E70901AA26584003EA8FA /* ViewController.swift */ = {isa = PBXFileReference; lastKnownFileType = sourcecode.swift; path = ViewController.swift; sourceTree = "<group>"; };
		F81E70931AA26584003EA8FA /* Base */ = {isa = PBXFileReference; lastKnownFileType = file.storyboard; name = Base; path = Base.lproj/Main.storyboard; sourceTree = "<group>"; };
		F81E70951AA26584003EA8FA /* Images.xcassets */ = {isa = PBXFileReference; lastKnownFileType = folder.assetcatalog; path = Images.xcassets; sourceTree = "<group>"; };
		F81E70981AA26584003EA8FA /* Base */ = {isa = PBXFileReference; lastKnownFileType = file.xib; name = Base; path = Base.lproj/LaunchScreen.xib; sourceTree = "<group>"; };
		F81E709E1AA26584003EA8FA /* SmashtagTests.xctest */ = {isa = PBXFileReference; explicitFileType = wrapper.cfbundle; includeInIndex = 0; path = SmashtagTests.xctest; sourceTree = BUILT_PRODUCTS_DIR; };
		F81E70A31AA26584003EA8FA /* Info.plist */ = {isa = PBXFileReference; lastKnownFileType = text.plist.xml; path = Info.plist; sourceTree = "<group>"; };
		F81E70A41AA26584003EA8FA /* SmashtagTests.swift */ = {isa = PBXFileReference; lastKnownFileType = sourcecode.swift; path = SmashtagTests.swift; sourceTree = "<group>"; };
/* End PBXFileReference section */

/* Begin PBXFrameworksBuildPhase section */
		F81E70861AA26584003EA8FA /* Frameworks */ = {
			isa = PBXFrameworksBuildPhase;
			buildActionMask = 2147483647;
			files = (
			);
			runOnlyForDeploymentPostprocessing = 0;
		};
		F81E709B1AA26584003EA8FA /* Frameworks */ = {
			isa = PBXFrameworksBuildPhase;
			buildActionMask = 2147483647;
			files = (
			);
			runOnlyForDeploymentPostprocessing = 0;
		};
/* End PBXFrameworksBuildPhase section */

/* Begin PBXGroup section */
		F81E70801AA26584003EA8FA = {
			isa = PBXGroup;
			children = (
				F81E708B1AA26584003EA8FA /* Smashtag */,
				F81E70A11AA26584003EA8FA /* SmashtagTests */,
				F81E708A1AA26584003EA8FA /* Products */,
			);
			sourceTree = "<group>";
		};
		F81E708A1AA26584003EA8FA /* Products */ = {
			isa = PBXGroup;
			children = (
				F81E70891AA26584003EA8FA /* Smashtag.app */,
				F81E709E1AA26584003EA8FA /* SmashtagTests.xctest */,
			);
			name = Products;
			sourceTree = "<group>";
		};
		F81E708B1AA26584003EA8FA /* Smashtag */ = {
			isa = PBXGroup;
			children = (
				F81E708E1AA26584003EA8FA /* AppDelegate.swift */,
				F81E70901AA26584003EA8FA /* ViewController.swift */,
				F81E70921AA26584003EA8FA /* Main.storyboard */,
				F81E70951AA26584003EA8FA /* Images.xcassets */,
				F81E70971AA26584003EA8FA /* LaunchScreen.xib */,
				F81E708C1AA26584003EA8FA /* Supporting Files */,
			);
			path = Smashtag;
			sourceTree = "<group>";
		};
		F81E708C1AA26584003EA8FA /* Supporting Files */ = {
			isa = PBXGroup;
			children = (
				F81E708D1AA26584003EA8FA /* Info.plist */,
			);
			name = "Supporting Files";
			sourceTree = "<group>";
		};
		F81E70A11AA26584003EA8FA /* SmashtagTests */ = {
			isa = PBXGroup;
			children = (
				F81E70A41AA26584003EA8FA /* SmashtagTests.swift */,
				F81E70A21AA26584003EA8FA /* Supporting Files */,
			);
			path = SmashtagTests;
			sourceTree = "<group>";
		};
		F81E70A21AA26584003EA8FA /* Supporting Files */ = {
			isa = PBXGroup;
			children = (
				F81E70A31AA26584003EA8FA /* Info.plist */,
			);
			name = "Supporting Files";
			sourceTree = "<group>";
		};
/* End PBXGroup section */

/* Begin PBXNativeTarget section */
		F81E70881AA26584003EA8FA /* Smashtag */ = {
			isa = PBXNativeTarget;
			buildConfigurationList = F81E70A81AA26584003EA8FA /* Build configuration list for PBXNativeTarget "Smashtag" */;
			buildPhases = (
				F81E70851AA26584003EA8FA /* Sources */,
				F81E70861AA26584003EA8FA /* Frameworks */,
				F81E70871AA26584003EA8FA /* Resources */,
			);
			buildRules = (
			);
			dependencies = (
			);
			name = Smashtag;
			productName = Smashtag;
			productReference = F81E70891AA26584003EA8FA /* Smashtag.app */;
			productType = "com.apple.product-type.application";
		};
		F81E709D1AA26584003EA8FA /* SmashtagTests */ = {
			isa = PBXNativeTarget;
			buildConfigurationList = F81E70AB1AA26584003EA8FA /* Build configuration list for PBXNativeTarget "SmashtagTests" */;
			buildPhases = (
				F81E709A1AA26584003EA8FA /* Sources */,
				F81E709B1AA26584003EA8FA /* Frameworks */,
				F81E709C1AA26584003EA8FA /* Resources */,
			);
			buildRules = (
			);
			dependencies = (
				F81E70A01AA26584003EA8FA /* PBXTargetDependency */,
			);
			name = SmashtagTests;
			productName = SmashtagTests;
			productReference = F81E709E1AA26584003EA8FA /* SmashtagTests.xctest */;
			productType = "com.apple.product-type.bundle.unit-test";
		};
/* End PBXNativeTarget section */

/* Begin PBXProject section */
		F81E70811AA26584003EA8FA /* Project object */ = {
			isa = PBXProject;
			attributes = {
				LastUpgradeCheck = 0610;
				ORGANIZATIONNAME = "Donnie Wang";
				TargetAttributes = {
					F81E70881AA26584003EA8FA = {
						CreatedOnToolsVersion = 6.1.1;
					};
					F81E709D1AA26584003EA8FA = {
						CreatedOnToolsVersion = 6.1.1;
						TestTargetID = F81E70881AA26584003EA8FA;
					};
				};
			};
			buildConfigurationList = F81E70841AA26584003EA8FA /* Build configuration list for PBXProject "Smashtag" */;
			compatibilityVersion = "Xcode 3.2";
			developmentRegion = English;
			hasScannedForEncodings = 0;
			knownRegions = (
				en,
				Base,
			);
			mainGroup = F81E70801AA26584003EA8FA;
			productRefGroup = F81E708A1AA26584003EA8FA /* Products */;
			projectDirPath = "";
			projectRoot = "";
			targets = (
				F81E70881AA26584003EA8FA /* Smashtag */,
				F81E709D1AA26584003EA8FA /* SmashtagTests */,
			);
		};
/* End PBXProject section */

/* Begin PBXResourcesBuildPhase section */
		F81E70871AA26584003EA8FA /* Resources */ = {
			isa = PBXResourcesBuildPhase;
			buildActionMask = 2147483647;
			files = (
				F81E70941AA26584003EA8FA /* Main.storyboard in Resources */,
				F81E70991AA26584003EA8FA /* LaunchScreen.xib in Resources */,
				F81E70961AA26584003EA8FA /* Images.xcassets in Resources */,
			);
			runOnlyForDeploymentPostprocessing = 0;
		};
		F81E709C1AA26584003EA8FA /* Resources */ = {
			isa = PBXResourcesBuildPhase;
			buildActionMask = 2147483647;
			files = (
			);
			runOnlyForDeploymentPostprocessing = 0;
		};
/* End PBXResourcesBuildPhase section */

/* Begin PBXSourcesBuildPhase section */
		F81E70851AA26584003EA8FA /* Sources */ = {
			isa = PBXSourcesBuildPhase;
			buildActionMask = 2147483647;
			files = (
				F81E70911AA26584003EA8FA /* ViewController.swift in Sources */,
				F81E708F1AA26584003EA8FA /* AppDelegate.swift in Sources */,
			);
			runOnlyForDeploymentPostprocessing = 0;
		};
		F81E709A1AA26584003EA8FA /* Sources */ = {
			isa = PBXSourcesBuildPhase;
			buildActionMask = 2147483647;
			files = (
				F81E70A51AA26584003EA8FA /* SmashtagTests.swift in Sources */,
			);
			runOnlyForDeploymentPostprocessing = 0;
		};
/* End PBXSourcesBuildPhase section */

/* Begin PBXTargetDependency section */
		F81E70A01AA26584003EA8FA /* PBXTargetDependency */ = {
			isa = PBXTargetDependency;
			target = F81E70881AA26584003EA8FA /* Smashtag */;
			targetProxy = F81E709F1AA26584003EA8FA /* PBXContainerItemProxy */;
		};
/* End PBXTargetDependency section */

/* Begin PBXVariantGroup section */
		F81E70921AA26584003EA8FA /* Main.storyboard */ = {
			isa = PBXVariantGroup;
			children = (
				F81E70931AA26584003EA8FA /* Base */,
			);
			name = Main.storyboard;
			sourceTree = "<group>";
		};
		F81E70971AA26584003EA8FA /* LaunchScreen.xib */ = {
			isa = PBXVariantGroup;
			children = (
				F81E70981AA26584003EA8FA /* Base */,
			);
			name = LaunchScreen.xib;
			sourceTree = "<group>";
		};
/* End PBXVariantGroup section */

/* Begin XCBuildConfiguration section */
		F81E70A61AA26584003EA8FA /* Debug */ = {
			isa = XCBuildConfiguration;
			buildSettings = {
				ALWAYS_SEARCH_USER_PATHS = NO;
				CLANG_CXX_LANGUAGE_STANDARD = "gnu++0x";
				CLANG_CXX_LIBRARY = "libc++";
				CLANG_ENABLE_MODULES = YES;
				CLANG_ENABLE_OBJC_ARC = YES;
				CLANG_WARN_BOOL_CONVERSION = YES;
				CLANG_WARN_CONSTANT_CONVERSION = YES;
				CLANG_WARN_DIRECT_OBJC_ISA_USAGE = YES_ERROR;
				CLANG_WARN_EMPTY_BODY = YES;
				CLANG_WARN_ENUM_CONVERSION = YES;
				CLANG_WARN_INT_CONVERSION = YES;
				CLANG_WARN_OBJC_ROOT_CLASS = YES_ERROR;
				CLANG_WARN_UNREACHABLE_CODE = YES;
				CLANG_WARN__DUPLICATE_METHOD_MATCH = YES;
				"CODE_SIGN_IDENTITY[sdk=iphoneos*]" = "iPhone Developer";
				COPY_PHASE_STRIP = NO;
				ENABLE_STRICT_OBJC_MSGSEND = YES;
				GCC_C_LANGUAGE_STANDARD = gnu99;
				GCC_DYNAMIC_NO_PIC = NO;
				GCC_OPTIMIZATION_LEVEL = 0;
				GCC_PREPROCESSOR_DEFINITIONS = (
					"DEBUG=1",
					"$(inherited)",
				);
				GCC_SYMBOLS_PRIVATE_EXTERN = NO;
				GCC_WARN_64_TO_32_BIT_CONVERSION = YES;
				GCC_WARN_ABOUT_RETURN_TYPE = YES_ERROR;
				GCC_WARN_UNDECLARED_SELECTOR = YES;
				GCC_WARN_UNINITIALIZED_AUTOS = YES_AGGRESSIVE;
				GCC_WARN_UNUSED_FUNCTION = YES;
				GCC_WARN_UNUSED_VARIABLE = YES;
				IPHONEOS_DEPLOYMENT_TARGET = 8.1;
				MTL_ENABLE_DEBUG_INFO = YES;
				ONLY_ACTIVE_ARCH = YES;
				SDKROOT = iphoneos;
				SWIFT_OPTIMIZATION_LEVEL = "-Onone";
			};
			name = Debug;
		};
		F81E70A71AA26584003EA8FA /* Release */ = {
			isa = XCBuildConfiguration;
			buildSettings = {
				ALWAYS_SEARCH_USER_PATHS = NO;
				CLANG_CXX_LANGUAGE_STANDARD = "gnu++0x";
				CLANG_CXX_LIBRARY = "libc++";
				CLANG_ENABLE_MODULES = YES;
				CLANG_ENABLE_OBJC_ARC = YES;
				CLANG_WARN_BOOL_CONVERSION = YES;
				CLANG_WARN_CONSTANT_CONVERSION = YES;
				CLANG_WARN_DIRECT_OBJC_ISA_USAGE = YES_ERROR;
				CLANG_WARN_EMPTY_BODY = YES;
				CLANG_WARN_ENUM_CONVERSION = YES;
				CLANG_WARN_INT_CONVERSION = YES;
				CLANG_WARN_OBJC_ROOT_CLASS = YES_ERROR;
				CLANG_WARN_UNREACHABLE_CODE = YES;
				CLANG_WARN__DUPLICATE_METHOD_MATCH = YES;
				"CODE_SIGN_IDENTITY[sdk=iphoneos*]" = "iPhone Developer";
				COPY_PHASE_STRIP = YES;
				ENABLE_NS_ASSERTIONS = NO;
				ENABLE_STRICT_OBJC_MSGSEND = YES;
				GCC_C_LANGUAGE_STANDARD = gnu99;
				GCC_WARN_64_TO_32_BIT_CONVERSION = YES;
				GCC_WARN_ABOUT_RETURN_TYPE = YES_ERROR;
				GCC_WARN_UNDECLARED_SELECTOR = YES;
				GCC_WARN_UNINITIALIZED_AUTOS = YES_AGGRESSIVE;
				GCC_WARN_UNUSED_FUNCTION = YES;
				GCC_WARN_UNUSED_VARIABLE = YES;
				IPHONEOS_DEPLOYMENT_TARGET = 8.1;
				MTL_ENABLE_DEBUG_INFO = NO;
				SDKROOT = iphoneos;
				VALIDATE_PRODUCT = YES;
			};
			name = Release;
		};
		F81E70A91AA26584003EA8FA /* Debug */ = {
			isa = XCBuildConfiguration;
			buildSettings = {
				ASSETCATALOG_COMPILER_APPICON_NAME = AppIcon;
				INFOPLIST_FILE = Smashtag/Info.plist;
				LD_RUNPATH_SEARCH_PATHS = "$(inherited) @executable_path/Frameworks";
				PRODUCT_NAME = "$(TARGET_NAME)";
			};
			name = Debug;
		};
		F81E70AA1AA26584003EA8FA /* Release */ = {
			isa = XCBuildConfiguration;
			buildSettings = {
				ASSETCATALOG_COMPILER_APPICON_NAME = AppIcon;
				INFOPLIST_FILE = Smashtag/Info.plist;
				LD_RUNPATH_SEARCH_PATHS = "$(inherited) @executable_path/Frameworks";
				PRODUCT_NAME = "$(TARGET_NAME)";
			};
			name = Release;
		};
		F81E70AC1AA26584003EA8FA /* Debug */ = {
			isa = XCBuildConfiguration;
			buildSettings = {
				BUNDLE_LOADER = "$(TEST_HOST)";
				FRAMEWORK_SEARCH_PATHS = (
					"$(SDKROOT)/Developer/Library/Frameworks",
					"$(inherited)",
				);
				GCC_PREPROCESSOR_DEFINITIONS = (
					"DEBUG=1",
					"$(inherited)",
				);
				INFOPLIST_FILE = SmashtagTests/Info.plist;
				LD_RUNPATH_SEARCH_PATHS = "$(inherited) @executable_path/Frameworks @loader_path/Frameworks";
				PRODUCT_NAME = "$(TARGET_NAME)";
				TEST_HOST = "$(BUILT_PRODUCTS_DIR)/Smashtag.app/Smashtag";
			};
			name = Debug;
		};
		F81E70AD1AA26584003EA8FA /* Release */ = {
			isa = XCBuildConfiguration;
			buildSettings = {
				BUNDLE_LOADER = "$(TEST_HOST)";
				FRAMEWORK_SEARCH_PATHS = (
					"$(SDKROOT)/Developer/Library/Frameworks",
					"$(inherited)",
				);
				INFOPLIST_FILE = SmashtagTests/Info.plist;
				LD_RUNPATH_SEARCH_PATHS = "$(inherited) @executable_path/Frameworks @loader_path/Frameworks";
				PRODUCT_NAME = "$(TARGET_NAME)";
				TEST_HOST = "$(BUILT_PRODUCTS_DIR)/Smashtag.app/Smashtag";
			};
			name = Release;
		};
/* End XCBuildConfiguration section */

/* Begin XCConfigurationList section */
		F81E70841AA26584003EA8FA /* Build configuration list for PBXProject "Smashtag" */ = {
			isa = XCConfigurationList;
			buildConfigurations = (
				F81E70A61AA26584003EA8FA /* Debug */,
				F81E70A71AA26584003EA8FA /* Release */,
			);
			defaultConfigurationIsVisible = 0;
			defaultConfigurationName = Release;
		};
		F81E70A81AA26584003EA8FA /* Build configuration list for PBXNativeTarget "Smashtag" */ = {
			isa = XCConfigurationList;
			buildConfigurations = (
				F81E70A91AA26584003EA8FA /* Debug */,
				F81E70AA1AA26584003EA8FA /* Release */,
			);
			defaultConfigurationIsVisible = 0;
		};
		F81E70AB1AA26584003EA8FA /* Build configuration list for PBXNativeTarget "SmashtagTests" */ = {
			isa = XCConfigurationList;
			buildConfigurations = (
				F81E70AC1AA26584003EA8FA /* Debug */,
				F81E70AD1AA26584003EA8FA /* Release */,
			);
			defaultConfigurationIsVisible = 0;
		};
/* End XCConfigurationList section */
	};
	rootObject = F81E70811AA26584003EA8FA /* Project object */;
}
